
Microsoft Visual Studio Solution File, Format Version 12.00
# Visual Studio 15
VisualStudioVersion = 15.0.25807.0
MinimumVisualStudioVersion = 10.0.40219.1
Project("{2150E333-8FDC-42A3-9474-1A3956D46DE8}") = "Engine", "Engine", "{5C8E4362-939D-4E51-8163-7017AB9C7577}"
EndProject
Project("{2150E333-8FDC-42A3-9474-1A3956D46DE8}") = "Games", "Games", "{A768A6B1-47FA-4791-8772-2AD3663C47E6}"
EndProject
Project("{8BC9CEB8-8B4A-11D0-8D11-00A0C91BC942}") = "UnrealPlugin", "Intermediate\ProjectFiles\UnrealPlugin.vcxproj", "{19FA6040-083D-431B-A608-4FC27C5A3C3B}"
EndProject
Project("{8BC9CEB8-8B4A-11D0-8D11-00A0C91BC942}") = "UE4", "Intermediate\ProjectFiles\UE4.vcxproj", "{A79E2608-27FC-495D-86A5-391E9D2F664A}"
EndProject
Project("{2150E333-8FDC-42A3-9474-1A3956D46DE8}") = "Visualizers", "Visualizers", "{20DE1BC9-6ED2-4924-82D9-1237A4F7D843}"
	ProjectSection(SolutionItems) = preProject
		E:\EpicGames\UnrealEngine\UE_4.24\Engine\Extras\VisualStudioDebugging\UE4.natvis = E:\EpicGames\UnrealEngine\UE_4.24\Engine\Extras\VisualStudioDebugging\UE4.natvis
	EndProjectSection
EndProject
Global
	GlobalSection(SolutionConfigurationPlatforms) = preSolution
		DebugGame Editor|Win32 = DebugGame Editor|Win32
		DebugGame Editor|Win64 = DebugGame Editor|Win64
		DebugGame|Win32 = DebugGame|Win32
		DebugGame|Win64 = DebugGame|Win64
		Development Editor|Win32 = Development Editor|Win32
		Development Editor|Win64 = Development Editor|Win64
		Development|Win32 = Development|Win32
		Development|Win64 = Development|Win64
		Shipping|Win32 = Shipping|Win32
		Shipping|Win64 = Shipping|Win64
	EndGlobalSection
	GlobalSection(ProjectConfigurationPlatforms) = postSolution
		{19FA6040-083D-431B-A608-4FC27C5A3C3B}.DebugGame Editor|Win32.ActiveCfg = Invalid|Win32
		{19FA6040-083D-431B-A608-4FC27C5A3C3B}.DebugGame Editor|Win64.ActiveCfg = DebugGame_Editor|x64
		{19FA6040-083D-431B-A608-4FC27C5A3C3B}.DebugGame Editor|Win64.Build.0 = DebugGame_Editor|x64
		{19FA6040-083D-431B-A608-4FC27C5A3C3B}.DebugGame|Win32.ActiveCfg = DebugGame|Win32
		{19FA6040-083D-431B-A608-4FC27C5A3C3B}.DebugGame|Win32.Build.0 = DebugGame|Win32
		{19FA6040-083D-431B-A608-4FC27C5A3C3B}.DebugGame|Win64.ActiveCfg = DebugGame|x64
		{19FA6040-083D-431B-A608-4FC27C5A3C3B}.DebugGame|Win64.Build.0 = DebugGame|x64
		{19FA6040-083D-431B-A608-4FC27C5A3C3B}.Development Editor|Win32.ActiveCfg = Invalid|Win32
		{19FA6040-083D-431B-A608-4FC27C5A3C3B}.Development Editor|Win64.ActiveCfg = Development_Editor|x64
		{19FA6040-083D-431B-A608-4FC27C5A3C3B}.Development Editor|Win64.Build.0 = Development_Editor|x64
		{19FA6040-083D-431B-A608-4FC27C5A3C3B}.Development|Win32.ActiveCfg = Development|Win32
		{19FA6040-083D-431B-A608-4FC27C5A3C3B}.Development|Win32.Build.0 = Development|Win32
		{19FA6040-083D-431B-A608-4FC27C5A3C3B}.Development|Win64.ActiveCfg = Development|x64
		{19FA6040-083D-431B-A608-4FC27C5A3C3B}.Development|Win64.Build.0 = Development|x64
		{19FA6040-083D-431B-A608-4FC27C5A3C3B}.Shipping|Win32.ActiveCfg = Shipping|Win32
		{19FA6040-083D-431B-A608-4FC27C5A3C3B}.Shipping|Win32.Build.0 = Shipping|Win32
		{19FA6040-083D-431B-A608-4FC27C5A3C3B}.Shipping|Win64.ActiveCfg = Shipping|x64
		{19FA6040-083D-431B-A608-4FC27C5A3C3B}.Shipping|Win64.Build.0 = Shipping|x64
		{A79E2608-27FC-495D-86A5-391E9D2F664A}.DebugGame Editor|Win32.ActiveCfg = BuiltWithUnrealBuildTool|Win32
		{A79E2608-27FC-495D-86A5-391E9D2F664A}.DebugGame Editor|Win64.ActiveCfg = BuiltWithUnrealBuildTool|Win32
		{A79E2608-27FC-495D-86A5-391E9D2F664A}.DebugGame|Win32.ActiveCfg = BuiltWithUnrealBuildTool|Win32
		{A79E2608-27FC-495D-86A5-391E9D2F664A}.DebugGame|Win64.ActiveCfg = BuiltWithUnrealBuildTool|Win32
		{A79E2608-27FC-495D-86A5-391E9D2F664A}.Development Editor|Win32.ActiveCfg = BuiltWithUnrealBuildTool|Win32
		{A79E2608-27FC-495D-86A5-391E9D2F664A}.Development Editor|Win64.ActiveCfg = BuiltWithUnrealBuildTool|Win32
		{A79E2608-27FC-495D-86A5-391E9D2F664A}.Development|Win32.ActiveCfg = BuiltWithUnrealBuildTool|Win32
		{A79E2608-27FC-495D-86A5-391E9D2F664A}.Development|Win64.ActiveCfg = BuiltWithUnrealBuildTool|Win32
		{A79E2608-27FC-495D-86A5-391E9D2F664A}.Shipping|Win32.ActiveCfg = BuiltWithUnrealBuildTool|Win32
		{A79E2608-27FC-495D-86A5-391E9D2F664A}.Shipping|Win64.ActiveCfg = BuiltWithUnrealBuildTool|Win32
	EndGlobalSection
	GlobalSection(SolutionProperties) = preSolution
		HideSolutionNode = FALSE
	EndGlobalSection
	GlobalSection(NestedProjects) = preSolution
		{A79E2608-27FC-495D-86A5-391E9D2F664A} = {5C8E4362-939D-4E51-8163-7017AB9C7577}
		{19FA6040-083D-431B-A608-4FC27C5A3C3B} = {A768A6B1-47FA-4791-8772-2AD3663C47E6}
	EndGlobalSection
EndGlobal
